
Microsoft Visual Studio Solution File, Format Version 12.00
# Visual Studio Version 16
VisualStudioVersion = 16.0.32413.511
MinimumVisualStudioVersion = 10.0.40219.1
Project("{FAE04EC0-301F-11D3-BF4B-00C04F79EFBC}") = "Last Cloudia", "Last Cloudia\Last Cloudia.csproj", "{C649FEC9-4647-4E4E-84DC-08B5BAF2256C}"
EndProject
Global
	GlobalSection(SolutionConfigurationPlatforms) = preSolution
		Debug|Any CPU = Debug|Any CPU
		Release|Any CPU = Release|Any CPU
	EndGlobalSection
	GlobalSection(ProjectConfigurationPlatforms) = postSolution
		{C649FEC9-4647-4E4E-84DC-08B5BAF2256C}.Debug|Any CPU.ActiveCfg = Debug|Any CPU
		{C649FEC9-4647-4E4E-84DC-08B5BAF2256C}.Debug|Any CPU.Build.0 = Debug|Any CPU
		{C649FEC9-4647-4E4E-84DC-08B5BAF2256C}.Release|Any CPU.ActiveCfg = Release|Any CPU
		{C649FEC9-4647-4E4E-84DC-08B5BAF2256C}.Release|Any CPU.Build.0 = Release|Any CPU
	EndGlobalSection
	GlobalSection(SolutionProperties) = preSolution
		HideSolutionNode = FALSE
	EndGlobalSection
	GlobalSection(ExtensibilityGlobals) = postSolution
		SolutionGuid = {8C6FF560-5337-467A-AEE6-C5F5D70A3E4D}
	EndGlobalSection
EndGlobal
